{
  "nodes": {
    "blink-cmp": {
      "inputs": {
        "blink-lib": "blink-lib",
        "nixpkgs": [
          "nix-nvim",
          "nixpkgs"
        ]
      },
      "locked": {
        "lastModified": 1779793749,
        "narHash": "sha256-zIx7ATI6qb9WZmJ7Z6lEB1EHe089s+qVj+9op5xRz58=",
        "owner": "Saghen",
        "repo": "blink.cmp",
        "rev": "0593548ee0b0978abf303d30f449234e07f951d1",
        "type": "github"
      },
      "original": {
        "owner": "Saghen",
        "repo": "blink.cmp",
        "type": "github"
      }
    },
    "blink-indent": {
      "flake": false,
      "locked": {
        "lastModified": 1779825724,
        "narHash": "sha256-tOjB8/Gw2+mT2dKRXx8AefnMGX4CSKpXxd+3xt6wgTA=",
        "owner": "buungoo",
        "repo": "blink.indent",
        "rev": "3aa69e895d25c2843313e2baa89221bb595a08dd",
        "type": "github"
      },
      "original": {
        "owner": "buungoo",
        "repo": "blink.indent",
        "type": "github"
      }
    },
    "blink-lib": {
      "inputs": {
        "nixpkgs": [
          "nix-nvim",
          "blink-cmp",
          "nixpkgs"
        ]
      },
      "locked": {
        "lastModified": 1777670812,
        "narHash": "sha256-3XsqX4CGj8VI5tGLWJoUiyo+u7AyNp2IO9hEwQsF1I8=",
        "owner": "saghen",
        "repo": "blink.lib",
        "rev": "f29d8bac6549bc1e7d699c83f680823d7def98bd",
        "type": "github"
      },
      "original": {
        "owner": "saghen",
        "repo": "blink.lib",
        "type": "github"
      }
    },
    "blink-pairs": {
      "inputs": {
        "nixpkgs": [
          "nix-nvim",
          "nixpkgs"
        ]
      },
      "locked": {
        "lastModified": 1779823269,
        "narHash": "sha256-6s0WrH7dn/HUex/oWmPCt/JZvV449h5edJmRKzvyAcw=",
        "owner": "Saghen",
        "repo": "blink.pairs",
        "rev": "9126f83dd9c14da2712d76b5b9de14d92fcc46b1",
        "type": "github"
      },
      "original": {
        "owner": "Saghen",
        "repo": "blink.pairs",
        "type": "github"
      }
    },
    "darwin": {
      "inputs": {
        "nixpkgs": [
          "nixpkgs"
        ]
      },
      "locked": {
        "lastModified": 1779036909,
        "narHash": "sha256-zXcwYQGCT6pzinK+1dBB2ekTVtfxGZAapb3Evdcu4fY=",
        "owner": "nix-darwin",
        "repo": "nix-darwin",
        "rev": "56c666e108467d87d13508936aade6d567f2a501",
        "type": "github"
      },
      "original": {
        "owner": "nix-darwin",
        "repo": "nix-darwin",
        "type": "github"
      }
    },
    "den": {
      "locked": {
        "lastModified": 1779806301,
        "narHash": "sha256-T9Ka9G5L8Me3pbYJReL7iTZtG/qoYEVyeJmMP/P7k2w=",
        "owner": "denful",
        "repo": "den",
        "rev": "b3e424048b42096b1e534289dead8c6c7ed8cc0b",
        "type": "github"
      },
      "original": {
        "owner": "denful",
        "repo": "den",
        "type": "github"
      }
    },
    "flake-file": {
      "locked": {
        "lastModified": 1779051720,
        "narHash": "sha256-+jbXnODsR19pFKB0x/6kHhFgW6yV6N+CGClFr45eDU8=",
        "owner": "vic",
        "repo": "flake-file",
        "rev": "c58eb27d9434e5be0c8693f1eb18d47035bc21ba",
        "type": "github"
      },
      "original": {
        "owner": "vic",
        "repo": "flake-file",
        "type": "github"
      }
    },
    "flake-parts": {
      "inputs": {
        "nixpkgs-lib": [
          "nixpkgs"
        ]
      },
      "locked": {
        "lastModified": 1778716662,
        "narHash": "sha256-m1Yf0wZ8j1OHjTc2UwHwyQRSnNeSgLJOd7q5Y45hzi4=",
        "owner": "hercules-ci",
        "repo": "flake-parts",
        "rev": "f7c1a2d347e4c52d5fb8d10cb4d94b5884e546fb",
        "type": "github"
      },
      "original": {
        "owner": "hercules-ci",
        "repo": "flake-parts",
        "type": "github"
      }
    },
    "flake-parts_2": {
      "inputs": {
        "nixpkgs-lib": [
          "nix-nvim",
          "neovim-nightly",
          "nixpkgs"
        ]
      },
      "locked": {
        "lastModified": 1778716662,
        "narHash": "sha256-m1Yf0wZ8j1OHjTc2UwHwyQRSnNeSgLJOd7q5Y45hzi4=",
        "owner": "hercules-ci",
        "repo": "flake-parts",
        "rev": "f7c1a2d347e4c52d5fb8d10cb4d94b5884e546fb",
        "type": "github"
      },
      "original": {
        "owner": "hercules-ci",
        "repo": "flake-parts",
        "type": "github"
      }
    },
    "flake-parts_3": {
      "inputs": {
        "nixpkgs-lib": "nixpkgs-lib"
      },
      "locked": {
        "lastModified": 1778716662,
        "narHash": "sha256-m1Yf0wZ8j1OHjTc2UwHwyQRSnNeSgLJOd7q5Y45hzi4=",
        "owner": "hercules-ci",
        "repo": "flake-parts",
        "rev": "f7c1a2d347e4c52d5fb8d10cb4d94b5884e546fb",
        "type": "github"
      },
      "original": {
        "owner": "hercules-ci",
        "repo": "flake-parts",
        "type": "github"
      }
    },
    "home-manager": {
      "inputs": {
        "nixpkgs": [
          "nixpkgs"
        ]
      },
      "locked": {
        "lastModified": 1779726696,
        "narHash": "sha256-/p37CB5n6Wpw250b0Lq0CYwNq2D8uGKzDoBulyLcQqA=",
        "owner": "nix-community",
        "repo": "home-manager",
        "rev": "1a95e2efb477959b70b4a14c51035975c0481df6",
        "type": "github"
      },
      "original": {
        "owner": "nix-community",
        "repo": "home-manager",
        "type": "github"
      }
    },
    "import-tree": {
      "locked": {
        "lastModified": 1778781969,
        "narHash": "sha256-Jjuz5CmSkur8KvLDoGa+vylEp+RkQtv4mt/qcMznpH0=",
        "owner": "vic",
        "repo": "import-tree",
        "rev": "d321337efd0f23a9eb14a42adb7b2c29313ab274",
        "type": "github"
      },
      "original": {
        "owner": "vic",
        "repo": "import-tree",
        "type": "github"
      }
    },
    "import-tree_2": {
      "locked": {
        "lastModified": 1778781969,
        "narHash": "sha256-Jjuz5CmSkur8KvLDoGa+vylEp+RkQtv4mt/qcMznpH0=",
        "owner": "vic",
        "repo": "import-tree",
        "rev": "d321337efd0f23a9eb14a42adb7b2c29313ab274",
        "type": "github"
      },
      "original": {
        "owner": "vic",
        "repo": "import-tree",
        "type": "github"
      }
    },
    "neovim-nightly": {
      "inputs": {
        "flake-parts": "flake-parts_2",
        "neovim-src": "neovim-src",
        "nixpkgs": [
          "nix-nvim",
          "nixpkgs"
        ]
      },
      "locked": {
        "lastModified": 1779840270,
        "narHash": "sha256-bXW8ErSJJD1XnPvNrGvMYAOHqpH8uaIzovK6UWTIybM=",
        "owner": "nix-community",
        "repo": "neovim-nightly-overlay",
        "rev": "145c6bcb4b6b34781827ca0ac8356cc5da08c098",
        "type": "github"
      },
      "original": {
        "owner": "nix-community",
        "repo": "neovim-nightly-overlay",
        "type": "github"
      }
    },
    "neovim-src": {
      "flake": false,
      "locked": {
        "lastModified": 1779837173,
        "narHash": "sha256-JI/pXTMZA33WAlgsO7gEq23CeKIqKEyV25G5BqN7FDw=",
        "owner": "neovim",
        "repo": "neovim",
        "rev": "b3dfa86e02b0ce0f3ef9bc7b90dbbd790e7da31e",
        "type": "github"
      },
      "original": {
        "owner": "neovim",
        "repo": "neovim",
        "type": "github"
      }
    },
    "nix-nvim": {
      "inputs": {
        "blink-cmp": "blink-cmp",
        "blink-indent": "blink-indent",
        "blink-pairs": "blink-pairs",
        "neovim-nightly": "neovim-nightly",
        "nixpkgs": [
          "nixpkgs"
        ],
        "plugins-blink-lib": "plugins-blink-lib",
        "plugins-line-number-change-mode": "plugins-line-number-change-mode",
        "plugins-nvim-window": "plugins-nvim-window",
        "plugins-tiny-cmdline": "plugins-tiny-cmdline",
        "wrappers": "wrappers"
      },
      "locked": {
        "lastModified": 1779859677,
        "narHash": "sha256-zPibgkB6AsxdcEdtkK/UOFO4VaoLA75+xwMd4vtntgs=",
        "owner": "buungoo",
        "repo": "nix-nvim",
        "rev": "07bc7f0d2652f7ee225e64d65ea8375eca40e603",
        "type": "github"
      },
      "original": {
        "owner": "buungoo",
        "repo": "nix-nvim",
        "type": "github"
      }
    },
    "nix-secrets": {
      "inputs": {
        "flake-parts": "flake-parts_3",
        "import-tree": "import-tree_2",
        "nixpkgs": "nixpkgs"
      },
      "locked": {
        "lastModified": 1779883332,
        "narHash": "sha256-WDIbeywl4i7Agwr8my7+r2yoCPlJ4BJ3zlSE3TRaWBs=",
        "ref": "refs/heads/main",
        "rev": "eb2aa0411061208d5c91da83348dd2461755924c",
        "revCount": 12,
        "type": "git",
        "url": "file:///home/bungo/.nixos/nix-secrets"
      },
      "original": {
        "type": "git",
        "url": "file:///home/bungo/.nixos/nix-secrets"
      }
    },
    "nixpkgs": {
      "locked": {
        "lastModified": 1779536132,
        "narHash": "sha256-q+fF42iv/geEbHfgSzy3tS0FF/EyD6XTZ98E6yxiBO8=",
        "owner": "NixOS",
        "repo": "nixpkgs",
        "rev": "3d8f0f3f72a6cd4d93d0ad13203f2ea1cb7e1456",
        "type": "github"
      },
      "original": {
        "owner": "NixOS",
        "ref": "nixpkgs-unstable",
        "repo": "nixpkgs",
        "type": "github"
      }
    },
    "nixpkgs-lib": {
      "locked": {
        "lastModified": 1777168982,
        "narHash": "sha256-GOkGPcboWE9BmGCRMLX3worL4EMnsnG8MyKmXNeYuhQ=",
        "owner": "nix-community",
        "repo": "nixpkgs.lib",
        "rev": "f5901329dade4a6ea039af1433fb087bd9c1fe14",
        "type": "github"
      },
      "original": {
        "owner": "nix-community",
        "repo": "nixpkgs.lib",
        "type": "github"
      }
    },
    "nixpkgs_2": {
      "locked": {
        "lastModified": 1779694939,
        "narHash": "sha256-luOcHMj74mEbDfB9dbcvMlXUF/6oefoKI2xxyZAvyy0=",
        "rev": "f9d8b65950353691ab56561e7c73d2e1063d810b",
        "type": "tarball",
        "url": "https://releases.nixos.org/nixpkgs/nixpkgs-26.11pre1004746.f9d8b6595035/nixexprs.tar.xz"
      },
      "original": {
        "type": "tarball",
        "url": "https://channels.nixos.org/nixpkgs-unstable/nixexprs.tar.xz"
      }
    },
    "plugins-blink-lib": {
      "flake": false,
      "locked": {
        "lastModified": 1777670812,
        "narHash": "sha256-3XsqX4CGj8VI5tGLWJoUiyo+u7AyNp2IO9hEwQsF1I8=",
        "owner": "Saghen",
        "repo": "blink.lib",
        "rev": "f29d8bac6549bc1e7d699c83f680823d7def98bd",
        "type": "github"
      },
      "original": {
        "owner": "Saghen",
        "repo": "blink.lib",
        "type": "github"
      }
    },
    "plugins-line-number-change-mode": {
      "flake": false,
      "locked": {
        "lastModified": 1729012619,
        "narHash": "sha256-5oesT8HB+N4AWfXt9+l/5nrxlhCoEgfcUKk4Jm2U8Fk=",
        "owner": "sethen",
        "repo": "line-number-change-mode.nvim",
        "rev": "0237ad6bd85c5872df66e2e98d7bba27c906382e",
        "type": "github"
      },
      "original": {
        "owner": "sethen",
        "repo": "line-number-change-mode.nvim",
        "type": "github"
      }
    },
    "plugins-nvim-window": {
      "flake": false,
      "locked": {
        "lastModified": 1648064093,
        "narHash": "sha256-3nP/Dxl20g3Q1ojWTUxTE2NUrPq734HsxnzWhH2zttg=",
        "owner": "yorickpeterse",
        "repo": "nvim-window",
        "rev": "dd0a6b230003ef35524853d71e5413f88fd2ba74",
        "type": "gitlab"
      },
      "original": {
        "owner": "yorickpeterse",
        "repo": "nvim-window",
        "type": "gitlab"
      }
    },
    "plugins-tiny-cmdline": {
      "flake": false,
      "locked": {
        "lastModified": 1775905242,
        "narHash": "sha256-tD1DrY4mpPf5Qo9jZEBqSxOOqzk2Ssl1srH4mu+cN5g=",
        "owner": "rachartier",
        "repo": "tiny-cmdline.nvim",
        "rev": "ad58747b955d0743ccfd56e97da1a4c1fac89f58",
        "type": "github"
      },
      "original": {
        "owner": "rachartier",
        "repo": "tiny-cmdline.nvim",
        "type": "github"
      }
    },
    "root": {
      "inputs": {
        "darwin": "darwin",
        "den": "den",
        "flake-file": "flake-file",
        "flake-parts": "flake-parts",
        "home-manager": "home-manager",
        "import-tree": "import-tree",
        "nix-nvim": "nix-nvim",
        "nix-secrets": "nix-secrets",
        "nixpkgs": "nixpkgs_2",
        "sops-nix": "sops-nix"
      }
    },
    "sops-nix": {
      "inputs": {
        "nixpkgs": [
          "nixpkgs"
        ]
      },
      "locked": {
        "lastModified": 1777944972,
        "narHash": "sha256-VfGRo1qTBKOe3s2gOv8LSoA6Fk19PvBlwQ1ECN0Evn8=",
        "owner": "Mic92",
        "repo": "sops-nix",
        "rev": "c591bf665727040c6cc5cb409079acb22dcce33c",
        "type": "github"
      },
      "original": {
        "owner": "Mic92",
        "repo": "sops-nix",
        "type": "github"
      }
    },
    "wrappers": {
      "inputs": {
        "nixpkgs": [
          "nix-nvim",
          "nixpkgs"
        ]
      },
      "locked": {
        "lastModified": 1779829084,
        "narHash": "sha256-FRwuSwQtrXHlDbQYyWFpQKuESX/Iplf+dpMxaZbgFBk=",
        "owner": "BirdeeHub",
        "repo": "nix-wrapper-modules",
        "rev": "8fa256a80f3dd799b3519eba1b4cfadfdb1eea15",
        "type": "github"
      },
      "original": {
        "owner": "BirdeeHub",
        "repo": "nix-wrapper-modules",
        "type": "github"
      }
    }
  },
  "root": "root",
  "version": 7
}
